{
  "version": 4,
  "terraform_version": "1.14.3",
  "serial": 12,
  "lineage": "1e347fce-e9bb-090d-5b5e-7e4551070671",
  "outputs": {
    "instance_public_ip": {
      "value": "3.110.149.111",
      "type": "string"
    }
  },
  "resources": [
    {
      "mode": "data",
      "type": "aws_ami",
      "name": "server_ami",
      "provider": "provider[\"registry.terraform.io/hashicorp/aws\"]",
      "instances": [
        {
          "schema_version": 0,
          "attributes": {
            "allow_unsafe_filter": null,
            "architecture": "arm64",
            "arn": "arn:aws:ec2:ap-south-1::image/ami-00c6cc6ebf54a632b",
            "block_device_mappings": [
              {
                "device_name": "/dev/sda1",
                "ebs": {
                  "delete_on_termination": "true",
                  "encrypted": "false",
                  "iops": "0",
                  "snapshot_id": "snap-0a3d41a2d9b597864",
                  "throughput": "0",
                  "volume_initialization_rate": "0",
                  "volume_size": "8",
                  "volume_type": "gp2"
                },
                "no_device": "",
                "virtual_name": ""
              },
              {
                "device_name": "/dev/sdb",
                "ebs": {},
                "no_device": "",
                "virtual_name": "ephemeral0"
              },
              {
                "device_name": "/dev/sdc",
                "ebs": {},
                "no_device": "",
                "virtual_name": "ephemeral1"
              }
            ],
            "boot_mode": "uefi",
            "creation_date": "2025-12-12T06:48:23.000Z",
            "deprecation_time": "2027-12-12T06:48:23.000Z",
            "description": "Canonical, Ubuntu, 22.04, arm64 jammy image",
            "ena_support": true,
            "executable_users": null,
            "filter": [
              {
                "name": "name",
                "values": [
                  "ubuntu/images/hvm-ssd/ubuntu-*-arm64-server-*"
                ]
              },
              {
                "name": "owner-alias",
                "values": [
                  "amazon"
                ]
              }
            ],
            "hypervisor": "xen",
            "id": "ami-00c6cc6ebf54a632b",
            "image_id": "ami-00c6cc6ebf54a632b",
            "image_location": "amazon/ubuntu/images/hvm-ssd/ubuntu-jammy-22.04-arm64-server-20251212",
            "image_owner_alias": "amazon",
            "image_type": "machine",
            "imds_support": "",
            "include_deprecated": false,
            "kernel_id": "",
            "last_launched_time": "",
            "most_recent": true,
            "name": "ubuntu/images/hvm-ssd/ubuntu-jammy-22.04-arm64-server-20251212",
            "name_regex": null,
            "owner_id": "099720109477",
            "owners": [
              "amazon"
            ],
            "platform": "",
            "platform_details": "Linux/UNIX",
            "product_codes": [],
            "public": true,
            "ramdisk_id": "",
            "region": "ap-south-1",
            "root_device_name": "/dev/sda1",
            "root_device_type": "ebs",
            "root_snapshot_id": "snap-0a3d41a2d9b597864",
            "sriov_net_support": "simple",
            "state": "available",
            "state_reason": {
              "code": "UNSET",
              "message": "UNSET"
            },
            "tags": {},
            "timeouts": null,
            "tpm_support": "",
            "uefi_data": null,
            "usage_operation": "RunInstances",
            "virtualization_type": "hvm"
          },
          "sensitive_attributes": [],
          "identity_schema_version": 0
        }
      ]
    },
    {
      "mode": "managed",
      "type": "aws_instance",
      "name": "terraform_test_ec2",
      "provider": "provider[\"registry.terraform.io/hashicorp/aws\"]",
      "instances": [
        {
          "index_key": 0,
          "schema_version": 2,
          "attributes": {
            "ami": "ami-00c6cc6ebf54a632b",
            "arn": "arn:aws:ec2:ap-south-1:490004654622:instance/i-0af6da3dd4d270ec2",
            "associate_public_ip_address": true,
            "availability_zone": "ap-south-1c",
            "capacity_reservation_specification": [
              {
                "capacity_reservation_preference": "open",
                "capacity_reservation_target": []
              }
            ],
            "cpu_options": [
              {
                "amd_sev_snp": "",
                "core_count": 2,
                "threads_per_core": 1
              }
            ],
            "credit_specification": [
              {
                "cpu_credits": "unlimited"
              }
            ],
            "disable_api_stop": false,
            "disable_api_termination": false,
            "ebs_block_device": [],
            "ebs_optimized": false,
            "enable_primary_ipv6": null,
            "enclave_options": [
              {
                "enabled": false
              }
            ],
            "ephemeral_block_device": [],
            "force_destroy": false,
            "get_password_data": false,
            "hibernation": false,
            "host_id": "",
            "host_resource_group_arn": null,
            "iam_instance_profile": "",
            "id": "i-0af6da3dd4d270ec2",
            "instance_initiated_shutdown_behavior": "stop",
            "instance_lifecycle": "",
            "instance_market_options": [],
            "instance_state": "running",
            "instance_type": "t4g.small",
            "ipv6_address_count": 0,
            "ipv6_addresses": [],
            "key_name": "linuxxx",
            "launch_template": [],
            "maintenance_options": [
              {
                "auto_recovery": "default"
              }
            ],
            "metadata_options": [
              {
                "http_endpoint": "enabled",
                "http_protocol_ipv6": "disabled",
                "http_put_response_hop_limit": 1,
                "http_tokens": "optional",
                "instance_metadata_tags": "disabled"
              }
            ],
            "monitoring": false,
            "network_interface": [],
            "outpost_arn": "",
            "password_data": "",
            "placement_group": "",
            "placement_group_id": "",
            "placement_partition_number": 0,
            "primary_network_interface": [
              {
                "delete_on_termination": true,
                "network_interface_id": "eni-0ceaa6081282fe07a"
              }
            ],
            "primary_network_interface_id": "eni-0ceaa6081282fe07a",
            "private_dns": "ip-172-31-31-178.ap-south-1.compute.internal",
            "private_dns_name_options": [
              {
                "enable_resource_name_dns_a_record": false,
                "enable_resource_name_dns_aaaa_record": false,
                "hostname_type": "ip-name"
              }
            ],
            "private_ip": "172.31.31.178",
            "public_dns": "ec2-3-110-149-111.ap-south-1.compute.amazonaws.com",
            "public_ip": "3.110.149.111",
            "region": "ap-south-1",
            "root_block_device": [
              {
                "delete_on_termination": true,
                "device_name": "/dev/sda1",
                "encrypted": true,
                "iops": 100,
                "kms_key_id": "arn:aws:kms:ap-south-1:490004654622:key/5536c8e6-ecfd-47c6-8e29-e1d7e12add9b",
                "tags": null,
                "tags_all": {},
                "throughput": 0,
                "volume_id": "vol-0d19c216738972938",
                "volume_size": 17,
                "volume_type": "gp2"
              }
            ],
            "secondary_private_ips": [],
            "security_groups": [
              "default"
            ],
            "source_dest_check": true,
            "spot_instance_request_id": "",
            "subnet_id": "subnet-09bb5087f9b1f3312",
            "tags": {
              "Name": "terraform_ec2_minikube_0"
            },
            "tags_all": {
              "Name": "terraform_ec2_minikube_0"
            },
            "tenancy": "default",
            "timeouts": null,
            "user_data": "#!/bin/bash\r\napt-get update \u0026\u0026 apt-get install -y docker.io net-tools vim conntrack containernetworking-plugins\r\n\r\n# Install Minikube\r\ncurl -LO https://storage.googleapis.com/minikube/releases/latest/minikube-linux-arm64\r\ninstall minikube-linux-arm64 minikube\r\nchmod +x minikube \u0026\u0026 mv minikube /usr/local/bin/\r\n\r\n# Install crictl\r\nVERSION=\"v1.26.1\"\r\nwget https://github.com/kubernetes-sigs/cri-tools/releases/download/$VERSION/crictl-$VERSION-linux-arm64.tar.gz\r\ntar zxvf crictl-$VERSION-linux-arm64.tar.gz -C /usr/local/bin\r\nrm -f crictl-$VERSION-linux-arm64.tar.gz\r\n\r\n# Install cri-dockerd\r\nVER=$(curl -s https://api.github.com/repos/Mirantis/cri-dockerd/releases/latest | grep tag_name | cut -d '\"' -f 4 | sed 's/v//g')\r\nwget https://github.com/Mirantis/cri-dockerd/releases/download/v$VER/cri-dockerd-$VER.arm64.tgz\r\ntar xvf cri-dockerd-$VER.arm64.tgz\r\nmv cri-dockerd/cri-dockerd /usr/local/bin/\r\n\r\n# Set up systemd services\r\nwget https://raw.githubusercontent.com/Mirantis/cri-dockerd/master/packaging/systemd/cri-docker.service\r\nwget https://raw.githubusercontent.com/Mirantis/cri-dockerd/master/packaging/systemd/cri-docker.socket\r\nmv cri-docker.socket cri-docker.service /etc/systemd/system/\r\nsed -i -e 's,/usr/bin/cri-dockerd,/usr/local/bin/cri-dockerd,' /etc/systemd/system/cri-docker.service\r\nsystemctl daemon-reload\r\nsystemctl enable cri-docker.service\r\nsystemctl enable --now cri-docker.socket\r\n\r\n# Configure Minikube\r\nminikube config set memory 1800\r\nusermod -a -G docker ubuntu\r\n",
            "user_data_base64": null,
            "user_data_replace_on_change": false,
            "volume_tags": null,
            "vpc_security_group_ids": [
              "sg-09436880559e2cae1"
            ]
          },
          "sensitive_attributes": [],
          "identity_schema_version": 0,
          "identity": {
            "account_id": "490004654622",
            "id": "i-0af6da3dd4d270ec2",
            "region": "ap-south-1"
          },
          "private": "eyJlMmJmYjczMC1lY2FhLTExZTYtOGY4OC0zNDM2M2JjN2M0YzAiOnsiY3JlYXRlIjo2MDAwMDAwMDAwMDAsImRlbGV0ZSI6MTIwMDAwMDAwMDAwMCwicmVhZCI6OTAwMDAwMDAwMDAwLCJ1cGRhdGUiOjYwMDAwMDAwMDAwMH0sInNjaGVtYV92ZXJzaW9uIjoiMiJ9",
          "dependencies": [
            "data.aws_ami.server_ami"
          ]
        }
      ]
    }
  ],
  "check_results": null
}
